// !$*UTF8*$!
{
	archiveVersion = 1;
	classes = {
	};
	objectVersion = 77;
	objects = {

/* Begin PBXContainerItemProxy section */
		6AA2DC7E2E42B7DF00626207 /* PBXContainerItemProxy */ = {
			isa = PBXContainerItemProxy;
			containerPortal = 6AA2DC5F2E42B7DD00626207 /* Project object */;
			proxyType = 1;
			remoteGlobalIDString = 6AA2DC662E42B7DD00626207;
			remoteInfo = "RAG Bot";
		};
		6AA2DC882E42B7DF00626207 /* PBXContainerItemProxy */ = {
			isa = PBXContainerItemProxy;
			containerPortal = 6AA2DC5F2E42B7DD00626207 /* Project object */;
			proxyType = 1;
			remoteGlobalIDString = 6AA2DC662E42B7DD00626207;
			remoteInfo = "RAG Bot";
		};
/* End PBXContainerItemProxy section */

/* Begin PBXFileReference section */
		6AA2DC672E42B7DD00626207 /* RAG Bot.app */ = {isa = PBXFileReference; explicitFileType = wrapper.application; includeInIndex = 0; path = "RAG Bot.app"; sourceTree = BUILT_PRODUCTS_DIR; };
		6AA2DC7D2E42B7DF00626207 /* RAG BotTests.xctest */ = {isa = PBXFileReference; explicitFileType = wrapper.cfbundle; includeInIndex = 0; path = "RAG BotTests.xctest"; sourceTree = BUILT_PRODUCTS_DIR; };
		6AA2DC872E42B7DF00626207 /* RAG BotUITests.xctest */ = {isa = PBXFileReference; explicitFileType = wrapper.cfbundle; includeInIndex = 0; path = "RAG BotUITests.xctest"; sourceTree = BUILT_PRODUCTS_DIR; };
/* End PBXFileReference section */

/* Begin PBXFileSystemSynchronizedBuildFileExceptionSet section */
		6AA2DC8F2E42B7DF00626207 /* Exceptions for "RAG Bot" folder in "RAG Bot" target */ = {
			isa = PBXFileSystemSynchronizedBuildFileExceptionSet;
			membershipExceptions = (
				Info.plist,
			);
			target = 6AA2DC662E42B7DD00626207 /* RAG Bot */;
		};
/* End PBXFileSystemSynchronizedBuildFileExceptionSet section */

/* Begin PBXFileSystemSynchronizedRootGroup section */
		6AA2DC692E42B7DD00626207 /* RAG Bot */ = {
			isa = PBXFileSystemSynchronizedRootGroup;
			exceptions = (
				6AA2DC8F2E42B7DF00626207 /* Exceptions for "RAG Bot" folder in "RAG Bot" target */,
			);
			path = "RAG Bot";
			sourceTree = "<group>";
		};
		6AA2DC802E42B7DF00626207 /* RAG BotTests */ = {
			isa = PBXFileSystemSynchronizedRootGroup;
			path = "RAG BotTests";
			sourceTree = "<group>";
		};
		6AA2DC8A2E42B7DF00626207 /* RAG BotUITests */ = {
			isa = PBXFileSystemSynchronizedRootGroup;
			path = "RAG BotUITests";
			sourceTree = "<group>";
		};
/* End PBXFileSystemSynchronizedRootGroup section */

/* Begin PBXFrameworksBuildPhase section */
		6AA2DC642E42B7DD00626207 /* Frameworks */ = {
			isa = PBXFrameworksBuildPhase;
			buildActionMask = 2147483647;
			files = (
			);
			runOnlyForDeploymentPostprocessing = 0;
		};
		6AA2DC7A2E42B7DF00626207 /* Frameworks */ = {
			isa = PBXFrameworksBuildPhase;
			buildActionMask = 2147483647;
			files = (
			);
			runOnlyForDeploymentPostprocessing = 0;
		};
		6AA2DC842E42B7DF00626207 /* Frameworks */ = {
			isa = PBXFrameworksBuildPhase;
			buildActionMask = 2147483647;
			files = (
			);
			runOnlyForDeploymentPostprocessing = 0;
		};
/* End PBXFrameworksBuildPhase section */

/* Begin PBXGroup section */
		6AA2DC5E2E42B7DD00626207 = {
			isa = PBXGroup;
			children = (
				6AA2DC692E42B7DD00626207 /* RAG Bot */,
				6AA2DC802E42B7DF00626207 /* RAG BotTests */,
				6AA2DC8A2E42B7DF00626207 /* RAG BotUITests */,
				6AA2DC682E42B7DD00626207 /* Products */,
			);
			sourceTree = "<group>";
		};
		6AA2DC682E42B7DD00626207 /* Products */ = {
			isa = PBXGroup;
			children = (
				6AA2DC672E42B7DD00626207 /* RAG Bot.app */,
				6AA2DC7D2E42B7DF00626207 /* RAG BotTests.xctest */,
				6AA2DC872E42B7DF00626207 /* RAG BotUITests.xctest */,
			);
			name = Products;
			sourceTree = "<group>";
		};
/* End PBXGroup section */

/* Begin PBXNativeTarget section */
		6AA2DC662E42B7DD00626207 /* RAG Bot */ = {
			isa = PBXNativeTarget;
			buildConfigurationList = 6AA2DC902E42B7DF00626207 /* Build configuration list for PBXNativeTarget "RAG Bot" */;
			buildPhases = (
				6AA2DC632E42B7DD00626207 /* Sources */,
				6AA2DC642E42B7DD00626207 /* Frameworks */,
				6AA2DC652E42B7DD00626207 /* Resources */,
			);
			buildRules = (
			);
			dependencies = (
			);
			fileSystemSynchronizedGroups = (
				6AA2DC692E42B7DD00626207 /* RAG Bot */,
			);
			name = "RAG Bot";
			packageProductDependencies = (
			);
			productName = "RAG Bot";
			productReference = 6AA2DC672E42B7DD00626207 /* RAG Bot.app */;
			productType = "com.apple.product-type.application";
		};
		6AA2DC7C2E42B7DF00626207 /* RAG BotTests */ = {
			isa = PBXNativeTarget;
			buildConfigurationList = 6AA2DC952E42B7DF00626207 /* Build configuration list for PBXNativeTarget "RAG BotTests" */;
			buildPhases = (
				6AA2DC792E42B7DF00626207 /* Sources */,
				6AA2DC7A2E42B7DF00626207 /* Frameworks */,
				6AA2DC7B2E42B7DF00626207 /* Resources */,
			);
			buildRules = (
			);
			dependencies = (
				6AA2DC7F2E42B7DF00626207 /* PBXTargetDependency */,
			);
			fileSystemSynchronizedGroups = (
				6AA2DC802E42B7DF00626207 /* RAG BotTests */,
			);
			name = "RAG BotTests";
			packageProductDependencies = (
			);
			productName = "RAG BotTests";
			productReference = 6AA2DC7D2E42B7DF00626207 /* RAG BotTests.xctest */;
			productType = "com.apple.product-type.bundle.unit-test";
		};
		6AA2DC862E42B7DF00626207 /* RAG BotUITests */ = {
			isa = PBXNativeTarget;
			buildConfigurationList = 6AA2DC982E42B7DF00626207 /* Build configuration list for PBXNativeTarget "RAG BotUITests" */;
			buildPhases = (
				6AA2DC832E42B7DF00626207 /* Sources */,
				6AA2DC842E42B7DF00626207 /* Frameworks */,
				6AA2DC852E42B7DF00626207 /* Resources */,
			);
			buildRules = (
			);
			dependencies = (
				6AA2DC892E42B7DF00626207 /* PBXTargetDependency */,
			);
			fileSystemSynchronizedGroups = (
				6AA2DC8A2E42B7DF00626207 /* RAG BotUITests */,
			);
			name = "RAG BotUITests";
			packageProductDependencies = (
			);
			productName = "RAG BotUITests";
			productReference = 6AA2DC872E42B7DF00626207 /* RAG BotUITests.xctest */;
			productType = "com.apple.product-type.bundle.ui-testing";
		};
/* End PBXNativeTarget section */

/* Begin PBXProject section */
		6AA2DC5F2E42B7DD00626207 /* Project object */ = {
			isa = PBXProject;
			attributes = {
				BuildIndependentTargetsInParallel = 1;
				LastSwiftUpdateCheck = 1640;
				LastUpgradeCheck = 1640;
				TargetAttributes = {
					6AA2DC662E42B7DD00626207 = {
						CreatedOnToolsVersion = 16.4;
					};
					6AA2DC7C2E42B7DF00626207 = {
						CreatedOnToolsVersion = 16.4;
						TestTargetID = 6AA2DC662E42B7DD00626207;
					};
					6AA2DC862E42B7DF00626207 = {
						CreatedOnToolsVersion = 16.4;
						TestTargetID = 6AA2DC662E42B7DD00626207;
					};
				};
			};
			buildConfigurationList = 6AA2DC622E42B7DD00626207 /* Build configuration list for PBXProject "RAG Bot" */;
			developmentRegion = en;
			hasScannedForEncodings = 0;
			knownRegions = (
				en,
				Base,
			);
			mainGroup = 6AA2DC5E2E42B7DD00626207;
			minimizedProjectReferenceProxies = 1;
			preferredProjectObjectVersion = 77;
			productRefGroup = 6AA2DC682E42B7DD00626207 /* Products */;
			projectDirPath = "";
			projectRoot = "";
			targets = (
				6AA2DC662E42B7DD00626207 /* RAG Bot */,
				6AA2DC7C2E42B7DF00626207 /* RAG BotTests */,
				6AA2DC862E42B7DF00626207 /* RAG BotUITests */,
			);
		};
/* End PBXProject section */

/* Begin PBXResourcesBuildPhase section */
		6AA2DC652E42B7DD00626207 /* Resources */ = {
			isa = PBXResourcesBuildPhase;
			buildActionMask = 2147483647;
			files = (
			);
			runOnlyForDeploymentPostprocessing = 0;
		};
		6AA2DC7B2E42B7DF00626207 /* Resources */ = {
			isa = PBXResourcesBuildPhase;
			buildActionMask = 2147483647;
			files = (
			);
			runOnlyForDeploymentPostprocessing = 0;
		};
		6AA2DC852E42B7DF00626207 /* Resources */ = {
			isa = PBXResourcesBuildPhase;
			buildActionMask = 2147483647;
			files = (
			);
			runOnlyForDeploymentPostprocessing = 0;
		};
/* End PBXResourcesBuildPhase section */

/* Begin PBXSourcesBuildPhase section */
		6AA2DC632E42B7DD00626207 /* Sources */ = {
			isa = PBXSourcesBuildPhase;
			buildActionMask = 2147483647;
			files = (
			);
			runOnlyForDeploymentPostprocessing = 0;
		};
		6AA2DC792E42B7DF00626207 /* Sources */ = {
			isa = PBXSourcesBuildPhase;
			buildActionMask = 2147483647;
			files = (
			);
			runOnlyForDeploymentPostprocessing = 0;
		};
		6AA2DC832E42B7DF00626207 /* Sources */ = {
			isa = PBXSourcesBuildPhase;
			buildActionMask = 2147483647;
			files = (
			);
			runOnlyForDeploymentPostprocessing = 0;
		};
/* End PBXSourcesBuildPhase section */

/* Begin PBXTargetDependency section */
		6AA2DC7F2E42B7DF00626207 /* PBXTargetDependency */ = {
			isa = PBXTargetDependency;
			target = 6AA2DC662E42B7DD00626207 /* RAG Bot */;
			targetProxy = 6AA2DC7E2E42B7DF00626207 /* PBXContainerItemProxy */;
		};
		6AA2DC892E42B7DF00626207 /* PBXTargetDependency */ = {
			isa = PBXTargetDependency;
			target = 6AA2DC662E42B7DD00626207 /* RAG Bot */;
			targetProxy = 6AA2DC882E42B7DF00626207 /* PBXContainerItemProxy */;
		};
/* End PBXTargetDependency section */

/* Begin XCBuildConfiguration section */
		6AA2DC912E42B7DF00626207 /* Debug */ = {
			isa = XCBuildConfiguration;
			buildSettings = {
				ASSETCATALOG_COMPILER_APPICON_NAME = AppIcon;
				ASSETCATALOG_COMPILER_GLOBAL_ACCENT_COLOR_NAME = AccentColor;
				CODE_SIGN_STYLE = Automatic;
				CURRENT_PROJECT_VERSION = 1;
				GENERATE_INFOPLIST_FILE = YES;
				INFOPLIST_FILE = "RAG Bot/Info.plist";
				INFOPLIST_KEY_UIApplicationSupportsIndirectInputEvents = YES;
				INFOPLIST_KEY_UILaunchStoryboardName = LaunchScreen;
				INFOPLIST_KEY_UIMainStoryboardFile = Main;
				INFOPLIST_KEY_UISupportedInterfaceOrientations_iPad = "UIInterfaceOrientationPortrait UIInterfaceOrientationPortraitUpsideDown UIInterfaceOrientationLandscapeLeft UIInterfaceOrientationLandscapeRight";
				INFOPLIST_KEY_UISupportedInterfaceOrientations_iPhone = "UIInterfaceOrientationPortrait UIInterfaceOrientationLandscapeLeft UIInterfaceOrientationLandscapeRight";
				LD_RUNPATH_SEARCH_PATHS = (
					"$(inherited)",
					"@executable_path/Frameworks",
				);
				MARKETING_VERSION = 1.0;
				PRODUCT_BUNDLE_IDENTIFIER = "TF.RAG-Bot";
				PRODUCT_NAME = "$(TARGET_NAME)";
				SWIFT_EMIT_LOC_STRINGS = YES;
				SWIFT_VERSION = 5.0;
				TARGETED_DEVICE_FAMILY = "1,2";
			};
			name = Debug;
		};
		6AA2DC922E42B7DF00626207 /* Release */ = {
			isa = XCBuildConfiguration;
			buildSettings = {
				ASSETCATALOG_COMPILER_APPICON_NAME = AppIcon;
				ASSETCATALOG_COMPILER_GLOBAL_ACCENT_COLOR_NAME = AccentColor;
				CODE_SIGN_STYLE = Automatic;
				CURRENT_PROJECT_VERSION = 1;
				GENERATE_INFOPLIST_FILE = YES;
				INFOPLIST_FILE = "RAG Bot/Info.plist";
				INFOPLIST_KEY_UIApplicationSupportsIndirectInputEvents = YES;
				INFOPLIST_KEY_UILaunchStoryboardName = LaunchScreen;
				INFOPLIST_KEY_UIMainStoryboardFile = Main;
				INFOPLIST_KEY_UISupportedInterfaceOrientations_iPad = "UIInterfaceOrientationPortrait UIInterfaceOrientationPortraitUpsideDown UIInterfaceOrientationLandscapeLeft UIInterfaceOrientationLandscapeRight";
				INFOPLIST_KEY_UISupportedInterfaceOrientations_iPhone = "UIInterfaceOrientationPortrait UIInterfaceOrientationLandscapeLeft UIInterfaceOrientationLandscapeRight";
				LD_RUNPATH_SEARCH_PATHS = (
					"$(inherited)",
					"@executable_path/Frameworks",
				);
				MARKETING_VERSION = 1.0;
				PRODUCT_BUNDLE_IDENTIFIER = "TF.RAG-Bot";
				PRODUCT_NAME = "$(TARGET_NAME)";
				SWIFT_EMIT_LOC_STRINGS = YES;
				SWIFT_VERSION = 5.0;
				TARGETED_DEVICE_FAMILY = "1,2";
			};
			name = Release;
		};
		6AA2DC932E42B7DF00626207 /* Debug */ = {
			isa = XCBuildConfiguration;
			buildSettings = {
				ALWAYS_SEARCH_USER_PATHS = NO;
				ASSETCATALOG_COMPILER_GENERATE_SWIFT_ASSET_SYMBOL_EXTENSIONS = YES;
				CLANG_ANALYZER_NONNULL = YES;
				CLANG_ANALYZER_NUMBER_OBJECT_CONVERSION = YES_AGGRESSIVE;
				CLANG_CXX_LANGUAGE_STANDARD = "gnu++20";
				CLANG_ENABLE_MODULES = YES;
				CLANG_ENABLE_OBJC_ARC = YES;
				CLANG_ENABLE_OBJC_WEAK = YES;
				CLANG_WARN_BLOCK_CAPTURE_AUTORELEASING = YES;
				CLANG_WARN_BOOL_CONVERSION = YES;
				CLANG_WARN_COMMA = YES;
				CLANG_WARN_CONSTANT_CONVERSION = YES;
				CLANG_WARN_DEPRECATED_OBJC_IMPLEMENTATIONS = YES;
				CLANG_WARN_DIRECT_OBJC_ISA_USAGE = YES_ERROR;
				CLANG_WARN_DOCUMENTATION_COMMENTS = YES;
				CLANG_WARN_EMPTY_BODY = YES;
				CLANG_WARN_ENUM_CONVERSION = YES;
				CLANG_WARN_INFINITE_RECURSION = YES;
				CLANG_WARN_INT_CONVERSION = YES;
				CLANG_WARN_NON_LITERAL_NULL_CONVERSION = YES;
				CLANG_WARN_OBJC_IMPLICIT_RETAIN_SELF = YES;
				CLANG_WARN_OBJC_LITERAL_CONVERSION = YES;
				CLANG_WARN_OBJC_ROOT_CLASS = YES_ERROR;
				CLANG_WARN_QUOTED_INCLUDE_IN_FRAMEWORK_HEADER = YES;
				CLANG_WARN_RANGE_LOOP_ANALYSIS = YES;
				CLANG_WARN_STRICT_PROTOTYPES = YES;
				CLANG_WARN_SUSPICIOUS_MOVE = YES;
				CLANG_WARN_UNGUARDED_AVAILABILITY = YES_AGGRESSIVE;
				CLANG_WARN_UNREACHABLE_CODE = YES;
				CLANG_WARN__DUPLICATE_METHOD_MATCH = YES;
				COPY_PHASE_STRIP = NO;
				DEBUG_INFORMATION_FORMAT = dwarf;
				ENABLE_STRICT_OBJC_MSGSEND = YES;
				ENABLE_TESTABILITY = YES;
				ENABLE_USER_SCRIPT_SANDBOXING = YES;
				GCC_C_LANGUAGE_STANDARD = gnu17;
				GCC_DYNAMIC_NO_PIC = NO;
				GCC_NO_COMMON_BLOCKS = YES;
				GCC_OPTIMIZATION_LEVEL = 0;
				GCC_PREPROCESSOR_DEFINITIONS = (
					"DEBUG=1",
					"$(inherited)",
				);
				GCC_WARN_64_TO_32_BIT_CONVERSION = YES;
				GCC_WARN_ABOUT_RETURN_TYPE = YES_ERROR;
				GCC_WARN_UNDECLARED_SELECTOR = YES;
				GCC_WARN_UNINITIALIZED_AUTOS = YES_AGGRESSIVE;
				GCC_WARN_UNUSED_FUNCTION = YES;
				GCC_WARN_UNUSED_VARIABLE = YES;
				IPHONEOS_DEPLOYMENT_TARGET = 18.5;
				LOCALIZATION_PREFERS_STRING_CATALOGS = YES;
				MTL_ENABLE_DEBUG_INFO = INCLUDE_SOURCE;
				MTL_FAST_MATH = YES;
				ONLY_ACTIVE_ARCH = YES;
				SDKROOT = iphoneos;
				SWIFT_ACTIVE_COMPILATION_CONDITIONS = "DEBUG $(inherited)";
				SWIFT_OPTIMIZATION_LEVEL = "-Onone";
			};
			name = Debug;
		};
		6AA2DC942E42B7DF00626207 /* Release */ = {
			isa = XCBuildConfiguration;
			buildSettings = {
				ALWAYS_SEARCH_USER_PATHS = NO;
				ASSETCATALOG_COMPILER_GENERATE_SWIFT_ASSET_SYMBOL_EXTENSIONS = YES;
				CLANG_ANALYZER_NONNULL = YES;
				CLANG_ANALYZER_NUMBER_OBJECT_CONVERSION = YES_AGGRESSIVE;
				CLANG_CXX_LANGUAGE_STANDARD = "gnu++20";
				CLANG_ENABLE_MODULES = YES;
				CLANG_ENABLE_OBJC_ARC = YES;
				CLANG_ENABLE_OBJC_WEAK = YES;
				CLANG_WARN_BLOCK_CAPTURE_AUTORELEASING = YES;
				CLANG_WARN_BOOL_CONVERSION = YES;
				CLANG_WARN_COMMA = YES;
				CLANG_WARN_CONSTANT_CONVERSION = YES;
				CLANG_WARN_DEPRECATED_OBJC_IMPLEMENTATIONS = YES;
				CLANG_WARN_DIRECT_OBJC_ISA_USAGE = YES_ERROR;
				CLANG_WARN_DOCUMENTATION_COMMENTS = YES;
				CLANG_WARN_EMPTY_BODY = YES;
				CLANG_WARN_ENUM_CONVERSION = YES;
				CLANG_WARN_INFINITE_RECURSION = YES;
				CLANG_WARN_INT_CONVERSION = YES;
				CLANG_WARN_NON_LITERAL_NULL_CONVERSION = YES;
				CLANG_WARN_OBJC_IMPLICIT_RETAIN_SELF = YES;
				CLANG_WARN_OBJC_LITERAL_CONVERSION = YES;
				CLANG_WARN_OBJC_ROOT_CLASS = YES_ERROR;
				CLANG_WARN_QUOTED_INCLUDE_IN_FRAMEWORK_HEADER = YES;
				CLANG_WARN_RANGE_LOOP_ANALYSIS = YES;
				CLANG_WARN_STRICT_PROTOTYPES = YES;
				CLANG_WARN_SUSPICIOUS_MOVE = YES;
				CLANG_WARN_UNGUARDED_AVAILABILITY = YES_AGGRESSIVE;
				CLANG_WARN_UNREACHABLE_CODE = YES;
				CLANG_WARN__DUPLICATE_METHOD_MATCH = YES;
				COPY_PHASE_STRIP = NO;
				DEBUG_INFORMATION_FORMAT = "dwarf-with-dsym";
				ENABLE_NS_ASSERTIONS = NO;
				ENABLE_STRICT_OBJC_MSGSEND = YES;
				ENABLE_USER_SCRIPT_SANDBOXING = YES;
				GCC_C_LANGUAGE_STANDARD = gnu17;
				GCC_NO_COMMON_BLOCKS = YES;
				GCC_WARN_64_TO_32_BIT_CONVERSION = YES;
				GCC_WARN_ABOUT_RETURN_TYPE = YES_ERROR;
				GCC_WARN_UNDECLARED_SELECTOR = YES;
				GCC_WARN_UNINITIALIZED_AUTOS = YES_AGGRESSIVE;
				GCC_WARN_UNUSED_FUNCTION = YES;
				GCC_WARN_UNUSED_VARIABLE = YES;
				IPHONEOS_DEPLOYMENT_TARGET = 18.5;
				LOCALIZATION_PREFERS_STRING_CATALOGS = YES;
				MTL_ENABLE_DEBUG_INFO = NO;
				MTL_FAST_MATH = YES;
				SDKROOT = iphoneos;
				SWIFT_COMPILATION_MODE = wholemodule;
				VALIDATE_PRODUCT = YES;
			};
			name = Release;
		};
		6AA2DC962E42B7DF00626207 /* Debug */ = {
			isa = XCBuildConfiguration;
			buildSettings = {
				BUNDLE_LOADER = "$(TEST_HOST)";
				CODE_SIGN_STYLE = Automatic;
				CURRENT_PROJECT_VERSION = 1;
				GENERATE_INFOPLIST_FILE = YES;
				IPHONEOS_DEPLOYMENT_TARGET = 18.5;
				MARKETING_VERSION = 1.0;
				PRODUCT_BUNDLE_IDENTIFIER = "TF.RAG-BotTests";
				PRODUCT_NAME = "$(TARGET_NAME)";
				SWIFT_EMIT_LOC_STRINGS = NO;
				SWIFT_VERSION = 5.0;
				TARGETED_DEVICE_FAMILY = "1,2";
				TEST_HOST = "$(BUILT_PRODUCTS_DIR)/RAG Bot.app/$(BUNDLE_EXECUTABLE_FOLDER_PATH)/RAG Bot";
			};
			name = Debug;
		};
		6AA2DC972E42B7DF00626207 /* Release */ = {
			isa = XCBuildConfiguration;
			buildSettings = {
				BUNDLE_LOADER = "$(TEST_HOST)";
				CODE_SIGN_STYLE = Automatic;
				CURRENT_PROJECT_VERSION = 1;
				GENERATE_INFOPLIST_FILE = YES;
				IPHONEOS_DEPLOYMENT_TARGET = 18.5;
				MARKETING_VERSION = 1.0;
				PRODUCT_BUNDLE_IDENTIFIER = "TF.RAG-BotTests";
				PRODUCT_NAME = "$(TARGET_NAME)";
				SWIFT_EMIT_LOC_STRINGS = NO;
				SWIFT_VERSION = 5.0;
				TARGETED_DEVICE_FAMILY = "1,2";
				TEST_HOST = "$(BUILT_PRODUCTS_DIR)/RAG Bot.app/$(BUNDLE_EXECUTABLE_FOLDER_PATH)/RAG Bot";
			};
			name = Release;
		};
		6AA2DC992E42B7DF00626207 /* Debug */ = {
			isa = XCBuildConfiguration;
			buildSettings = {
				CODE_SIGN_STYLE = Automatic;
				CURRENT_PROJECT_VERSION = 1;
				GENERATE_INFOPLIST_FILE = YES;
				MARKETING_VERSION = 1.0;
				PRODUCT_BUNDLE_IDENTIFIER = "TF.RAG-BotUITests";
				PRODUCT_NAME = "$(TARGET_NAME)";
				SWIFT_EMIT_LOC_STRINGS = NO;
				SWIFT_VERSION = 5.0;
				TARGETED_DEVICE_FAMILY = "1,2";
				TEST_TARGET_NAME = "RAG Bot";
			};
			name = Debug;
		};
		6AA2DC9A2E42B7DF00626207 /* Release */ = {
			isa = XCBuildConfiguration;
			buildSettings = {
				CODE_SIGN_STYLE = Automatic;
				CURRENT_PROJECT_VERSION = 1;
				GENERATE_INFOPLIST_FILE = YES;
				MARKETING_VERSION = 1.0;
				PRODUCT_BUNDLE_IDENTIFIER = "TF.RAG-BotUITests";
				PRODUCT_NAME = "$(TARGET_NAME)";
				SWIFT_EMIT_LOC_STRINGS = NO;
				SWIFT_VERSION = 5.0;
				TARGETED_DEVICE_FAMILY = "1,2";
				TEST_TARGET_NAME = "RAG Bot";
			};
			name = Release;
		};
/* End XCBuildConfiguration section */

/* Begin XCConfigurationList section */
		6AA2DC622E42B7DD00626207 /* Build configuration list for PBXProject "RAG Bot" */ = {
			isa = XCConfigurationList;
			buildConfigurations = (
				6AA2DC932E42B7DF00626207 /* Debug */,
				6AA2DC942E42B7DF00626207 /* Release */,
			);
			defaultConfigurationIsVisible = 0;
			defaultConfigurationName = Release;
		};
		6AA2DC902E42B7DF00626207 /* Build configuration list for PBXNativeTarget "RAG Bot" */ = {
			isa = XCConfigurationList;
			buildConfigurations = (
				6AA2DC912E42B7DF00626207 /* Debug */,
				6AA2DC922E42B7DF00626207 /* Release */,
			);
			defaultConfigurationIsVisible = 0;
			defaultConfigurationName = Release;
		};
		6AA2DC952E42B7DF00626207 /* Build configuration list for PBXNativeTarget "RAG BotTests" */ = {
			isa = XCConfigurationList;
			buildConfigurations = (
				6AA2DC962E42B7DF00626207 /* Debug */,
				6AA2DC972E42B7DF00626207 /* Release */,
			);
			defaultConfigurationIsVisible = 0;
			defaultConfigurationName = Release;
		};
		6AA2DC982E42B7DF00626207 /* Build configuration list for PBXNativeTarget "RAG BotUITests" */ = {
			isa = XCConfigurationList;
			buildConfigurations = (
				6AA2DC992E42B7DF00626207 /* Debug */,
				6AA2DC9A2E42B7DF00626207 /* Release */,
			);
			defaultConfigurationIsVisible = 0;
			defaultConfigurationName = Release;
		};
/* End XCConfigurationList section */
	};
	rootObject = 6AA2DC5F2E42B7DD00626207 /* Project object */;
}
